
Microsoft Visual Studio Solution File, Format Version 12.00
# Visual Studio Version 17
VisualStudioVersion = 17.13.35828.75 d17.13
MinimumVisualStudioVersion = 10.0.40219.1
Project("{FAE04EC0-301F-11D3-BF4B-00C04F79EFBC}") = "SistemaBancario", "SistemaBancario\SistemaBancario.csproj", "{048E49F0-9FCA-4B11-B94D-FBB9C844EB1D}"
EndProject
Global
	GlobalSection(SolutionConfigurationPlatforms) = preSolution
		Debug|Any CPU = Debug|Any CPU
		Release|Any CPU = Release|Any CPU
	EndGlobalSection
	GlobalSection(ProjectConfigurationPlatforms) = postSolution
		{048E49F0-9FCA-4B11-B94D-FBB9C844EB1D}.Debug|Any CPU.ActiveCfg = Debug|Any CPU
		{048E49F0-9FCA-4B11-B94D-FBB9C844EB1D}.Debug|Any CPU.Build.0 = Debug|Any CPU
		{048E49F0-9FCA-4B11-B94D-FBB9C844EB1D}.Release|Any CPU.ActiveCfg = Release|Any CPU
		{048E49F0-9FCA-4B11-B94D-FBB9C844EB1D}.Release|Any CPU.Build.0 = Release|Any CPU
	EndGlobalSection
	GlobalSection(SolutionProperties) = preSolution
		HideSolutionNode = FALSE
	EndGlobalSection
	GlobalSection(ExtensibilityGlobals) = postSolution
		SolutionGuid = {EC8329D5-2C44-408B-A151-B31DC5EA1372}
	EndGlobalSection
EndGlobal
